
Microsoft Visual Studio Solution File, Format Version 12.00
# Visual Studio Version 17
VisualStudioVersion = 17.3.32804.467
MinimumVisualStudioVersion = 10.0.40219.1
Project("{FAE04EC0-301F-11D3-BF4B-00C04F79EFBC}") = "AdventOfCode", "AdventOfCode\AdventOfCode.csproj", "{1D5E05F3-5E80-41A9-8F1C-10DE956E7AED}"
EndProject
Project("{FAE04EC0-301F-11D3-BF4B-00C04F79EFBC}") = "AdventOfCode.Tests", "AdventOfCode.Tests\AdventOfCode.Tests.csproj", "{79DFE90E-5584-414A-96C3-CDDBBA8BA013}"
EndProject
Global
	GlobalSection(SolutionConfigurationPlatforms) = preSolution
		Debug|Any CPU = Debug|Any CPU
		Release|Any CPU = Release|Any CPU
	EndGlobalSection
	GlobalSection(ProjectConfigurationPlatforms) = postSolution
		{1D5E05F3-5E80-41A9-8F1C-10DE956E7AED}.Debug|Any CPU.ActiveCfg = Debug|Any CPU
		{1D5E05F3-5E80-41A9-8F1C-10DE956E7AED}.Debug|Any CPU.Build.0 = Debug|Any CPU
		{1D5E05F3-5E80-41A9-8F1C-10DE956E7AED}.Release|Any CPU.ActiveCfg = Release|Any CPU
		{1D5E05F3-5E80-41A9-8F1C-10DE956E7AED}.Release|Any CPU.Build.0 = Release|Any CPU
		{79DFE90E-5584-414A-96C3-CDDBBA8BA013}.Debug|Any CPU.ActiveCfg = Debug|Any CPU
		{79DFE90E-5584-414A-96C3-CDDBBA8BA013}.Debug|Any CPU.Build.0 = Debug|Any CPU
		{79DFE90E-5584-414A-96C3-CDDBBA8BA013}.Release|Any CPU.ActiveCfg = Release|Any CPU
		{79DFE90E-5584-414A-96C3-CDDBBA8BA013}.Release|Any CPU.Build.0 = Release|Any CPU
	EndGlobalSection
	GlobalSection(SolutionProperties) = preSolution
		HideSolutionNode = FALSE
	EndGlobalSection
	GlobalSection(ExtensibilityGlobals) = postSolution
		SolutionGuid = {8B00E753-7C9B-433C-8423-C33F7E039228}
	EndGlobalSection
EndGlobal
